
Microsoft Visual Studio Solution File, Format Version 12.00
# Visual Studio Version 17
VisualStudioVersion = 17.9.34622.214
MinimumVisualStudioVersion = 10.0.40219.1
Project("{FAE04EC0-301F-11D3-BF4B-00C04F79EFBC}") = "01_MyFirstWinFormsProject", "01_MyFirstWinFormsProject\01_MyFirstWinFormsProject.csproj", "{46ED6893-FC9E-4FBA-92A8-55D2438FBCEC}"
EndProject
Global
	GlobalSection(SolutionConfigurationPlatforms) = preSolution
		Debug|Any CPU = Debug|Any CPU
		Release|Any CPU = Release|Any CPU
	EndGlobalSection
	GlobalSection(ProjectConfigurationPlatforms) = postSolution
		{46ED6893-FC9E-4FBA-92A8-55D2438FBCEC}.Debug|Any CPU.ActiveCfg = Debug|Any CPU
		{46ED6893-FC9E-4FBA-92A8-55D2438FBCEC}.Debug|Any CPU.Build.0 = Debug|Any CPU
		{46ED6893-FC9E-4FBA-92A8-55D2438FBCEC}.Release|Any CPU.ActiveCfg = Release|Any CPU
		{46ED6893-FC9E-4FBA-92A8-55D2438FBCEC}.Release|Any CPU.Build.0 = Release|Any CPU
	EndGlobalSection
	GlobalSection(SolutionProperties) = preSolution
		HideSolutionNode = FALSE
	EndGlobalSection
	GlobalSection(ExtensibilityGlobals) = postSolution
		SolutionGuid = {A2ED106A-0162-4D18-9E09-AAD4C93A70A6}
	EndGlobalSection
EndGlobal
